
Microsoft Visual Studio Solution File, Format Version 12.00
Project("{FAE04EC0-301F-11D3-BF4B-00C04F79EFBC}") = "UMS.WebAPI", "UMS.WebAPI\UMS.WebAPI.csproj", "{42F807AA-3028-441E-8D5E-AA92A1BBD570}"
EndProject
Project("{2150E333-8FDC-42A3-9474-1A3956D46DE8}") = "Src", "Src", "{CA6CBFDD-392B-4782-8B5A-43A53BB3B998}"
EndProject
Project("{2150E333-8FDC-42A3-9474-1A3956D46DE8}") = "Core", "Core", "{74FF83B3-2565-4C82-8C93-9982A5753FD1}"
EndProject
Project("{FAE04EC0-301F-11D3-BF4B-00C04F79EFBC}") = "UMS.Domain", "UMS.Domain\UMS.Domain.csproj", "{024B7E1B-35BD-4017-8763-5B2AA5F16E44}"
EndProject
Project("{FAE04EC0-301F-11D3-BF4B-00C04F79EFBC}") = "UMS.Application", "UMS.Application\UMS.Application.csproj", "{47A7EBF3-26B8-49FC-A075-13C517D1FFAF}"
EndProject
Project("{2150E333-8FDC-42A3-9474-1A3956D46DE8}") = "Infrastructure", "Infrastructure", "{B5EA7B1B-0FCB-4F15-9C5E-A3935D562FEF}"
EndProject
Project("{FAE04EC0-301F-11D3-BF4B-00C04F79EFBC}") = "UMS.Infrastructure", "UMS.Infrastructure\UMS.Infrastructure.csproj", "{0B3418DE-56D8-4D79-920B-B7D5A9B5EE02}"
EndProject
Project("{FAE04EC0-301F-11D3-BF4B-00C04F79EFBC}") = "UMS.Infrastructure.Abstraction", "UMS.Infrastructure.Abstraction\UMS.Infrastructure.Abstraction.csproj", "{C9B7335E-155D-4CC5-886D-23176F397BC8}"
EndProject
Project("{FAE04EC0-301F-11D3-BF4B-00C04F79EFBC}") = "UMS.Persistence", "UMS.Persistence\UMS.Persistence.csproj", "{E81FFE50-34E9-469C-ABA8-693C1C96D91E}"
EndProject
Project("{2150E333-8FDC-42A3-9474-1A3956D46DE8}") = "Prestentation", "Prestentation", "{D1EFC538-04C6-4CA6-B293-451E17C3BED7}"
EndProject
Project("{FAE04EC0-301F-11D3-BF4B-00C04F79EFBC}") = "EmailServiceTools", "EmailServiceTools\EmailServiceTools.csproj", "{FAF801B3-B9D9-4533-BFDF-A810A4DE7E0D}"
EndProject
Global
	GlobalSection(SolutionConfigurationPlatforms) = preSolution
		Debug|Any CPU = Debug|Any CPU
		Release|Any CPU = Release|Any CPU
	EndGlobalSection
	GlobalSection(ProjectConfigurationPlatforms) = postSolution
		{42F807AA-3028-441E-8D5E-AA92A1BBD570}.Debug|Any CPU.ActiveCfg = Debug|Any CPU
		{42F807AA-3028-441E-8D5E-AA92A1BBD570}.Debug|Any CPU.Build.0 = Debug|Any CPU
		{42F807AA-3028-441E-8D5E-AA92A1BBD570}.Release|Any CPU.ActiveCfg = Release|Any CPU
		{42F807AA-3028-441E-8D5E-AA92A1BBD570}.Release|Any CPU.Build.0 = Release|Any CPU
		{024B7E1B-35BD-4017-8763-5B2AA5F16E44}.Debug|Any CPU.ActiveCfg = Debug|Any CPU
		{024B7E1B-35BD-4017-8763-5B2AA5F16E44}.Debug|Any CPU.Build.0 = Debug|Any CPU
		{024B7E1B-35BD-4017-8763-5B2AA5F16E44}.Release|Any CPU.ActiveCfg = Release|Any CPU
		{024B7E1B-35BD-4017-8763-5B2AA5F16E44}.Release|Any CPU.Build.0 = Release|Any CPU
		{47A7EBF3-26B8-49FC-A075-13C517D1FFAF}.Debug|Any CPU.ActiveCfg = Debug|Any CPU
		{47A7EBF3-26B8-49FC-A075-13C517D1FFAF}.Debug|Any CPU.Build.0 = Debug|Any CPU
		{47A7EBF3-26B8-49FC-A075-13C517D1FFAF}.Release|Any CPU.ActiveCfg = Release|Any CPU
		{47A7EBF3-26B8-49FC-A075-13C517D1FFAF}.Release|Any CPU.Build.0 = Release|Any CPU
		{0B3418DE-56D8-4D79-920B-B7D5A9B5EE02}.Debug|Any CPU.ActiveCfg = Debug|Any CPU
		{0B3418DE-56D8-4D79-920B-B7D5A9B5EE02}.Debug|Any CPU.Build.0 = Debug|Any CPU
		{0B3418DE-56D8-4D79-920B-B7D5A9B5EE02}.Release|Any CPU.ActiveCfg = Release|Any CPU
		{0B3418DE-56D8-4D79-920B-B7D5A9B5EE02}.Release|Any CPU.Build.0 = Release|Any CPU
		{C9B7335E-155D-4CC5-886D-23176F397BC8}.Debug|Any CPU.ActiveCfg = Debug|Any CPU
		{C9B7335E-155D-4CC5-886D-23176F397BC8}.Debug|Any CPU.Build.0 = Debug|Any CPU
		{C9B7335E-155D-4CC5-886D-23176F397BC8}.Release|Any CPU.ActiveCfg = Release|Any CPU
		{C9B7335E-155D-4CC5-886D-23176F397BC8}.Release|Any CPU.Build.0 = Release|Any CPU
		{E81FFE50-34E9-469C-ABA8-693C1C96D91E}.Debug|Any CPU.ActiveCfg = Debug|Any CPU
		{E81FFE50-34E9-469C-ABA8-693C1C96D91E}.Debug|Any CPU.Build.0 = Debug|Any CPU
		{E81FFE50-34E9-469C-ABA8-693C1C96D91E}.Release|Any CPU.ActiveCfg = Release|Any CPU
		{E81FFE50-34E9-469C-ABA8-693C1C96D91E}.Release|Any CPU.Build.0 = Release|Any CPU
		{FAF801B3-B9D9-4533-BFDF-A810A4DE7E0D}.Debug|Any CPU.ActiveCfg = Debug|Any CPU
		{FAF801B3-B9D9-4533-BFDF-A810A4DE7E0D}.Debug|Any CPU.Build.0 = Debug|Any CPU
		{FAF801B3-B9D9-4533-BFDF-A810A4DE7E0D}.Release|Any CPU.ActiveCfg = Release|Any CPU
		{FAF801B3-B9D9-4533-BFDF-A810A4DE7E0D}.Release|Any CPU.Build.0 = Release|Any CPU
	EndGlobalSection
	GlobalSection(NestedProjects) = preSolution
		{74FF83B3-2565-4C82-8C93-9982A5753FD1} = {CA6CBFDD-392B-4782-8B5A-43A53BB3B998}
		{024B7E1B-35BD-4017-8763-5B2AA5F16E44} = {74FF83B3-2565-4C82-8C93-9982A5753FD1}
		{47A7EBF3-26B8-49FC-A075-13C517D1FFAF} = {74FF83B3-2565-4C82-8C93-9982A5753FD1}
		{B5EA7B1B-0FCB-4F15-9C5E-A3935D562FEF} = {CA6CBFDD-392B-4782-8B5A-43A53BB3B998}
		{0B3418DE-56D8-4D79-920B-B7D5A9B5EE02} = {B5EA7B1B-0FCB-4F15-9C5E-A3935D562FEF}
		{C9B7335E-155D-4CC5-886D-23176F397BC8} = {B5EA7B1B-0FCB-4F15-9C5E-A3935D562FEF}
		{E81FFE50-34E9-469C-ABA8-693C1C96D91E} = {B5EA7B1B-0FCB-4F15-9C5E-A3935D562FEF}
		{D1EFC538-04C6-4CA6-B293-451E17C3BED7} = {CA6CBFDD-392B-4782-8B5A-43A53BB3B998}
		{42F807AA-3028-441E-8D5E-AA92A1BBD570} = {D1EFC538-04C6-4CA6-B293-451E17C3BED7}
		{FAF801B3-B9D9-4533-BFDF-A810A4DE7E0D} = {B5EA7B1B-0FCB-4F15-9C5E-A3935D562FEF}
	EndGlobalSection
EndGlobal
